# generated by rye
# use `rye lock` or `rye sync` to update this lockfile
#
# last locked with the following flags:
#   pre: false
#   features: []
#   all-features: false
#   with-sources: false
#   generate-hashes: false
#   universal: false

-e file:.
aiohappyeyeballs==2.4.3
    # via aiohttp
aiohttp==3.10.10
    # via langchain
    # via langchain-community
aiosignal==1.3.1
    # via aiohttp
annotated-types==0.7.0
    # via pydantic
anyio==4.6.2.post1
    # via httpx
attrs==24.2.0
    # via aiohttp
beautifulsoup4==4.12.3
    # via bs4
black==24.10.0
blurhash==1.1.4
    # via mastodon-py
bs4==0.0.2
    # via self-chatter
certifi==2024.8.30
    # via httpcore
    # via httpx
    # via requests
charset-normalizer==3.4.0
    # via requests
click==8.1.7
    # via black
    # via self-chatter
dataclasses-json==0.6.7
    # via langchain-community
decorator==5.1.1
    # via mastodon-py
duckdb==1.1.2
    # via self-chatter
frozenlist==1.5.0
    # via aiohttp
    # via aiosignal
greenlet==3.1.1
    # via sqlalchemy
h11==0.14.0
    # via httpcore
httpcore==1.0.6
    # via httpx
httpx==0.27.2
    # via langsmith
    # via ollama
    # via self-chatter
httpx-sse==0.4.0
    # via langchain-community
idna==3.10
    # via anyio
    # via httpx
    # via requests
    # via yarl
isort==5.13.2
jsonpatch==1.33
    # via langchain-core
jsonpointer==3.0.0
    # via jsonpatch
langchain==0.3.7
    # via langchain-community
    # via self-chatter
langchain-community==0.3.5
    # via self-chatter
langchain-core==0.3.15
    # via langchain
    # via langchain-community
    # via langchain-ollama
    # via langchain-text-splitters
langchain-ollama==0.2.0
    # via self-chatter
langchain-text-splitters==0.3.2
    # via langchain
langsmith==0.1.139
    # via langchain
    # via langchain-community
    # via langchain-core
lxml==5.3.0
    # via self-chatter
marshmallow==3.23.1
    # via dataclasses-json
mastodon-py==1.8.1
    # via self-chatter
multidict==6.1.0
    # via aiohttp
    # via yarl
mypy-extensions==1.0.0
    # via black
    # via typing-inspect
numpy==1.26.4
    # via langchain
    # via langchain-community
    # via pandas
ollama==0.3.3
    # via langchain-ollama
orjson==3.10.11
    # via langsmith
packaging==24.1
    # via black
    # via langchain-core
    # via marshmallow
pandas==2.2.3
    # via self-chatter
pathspec==0.12.1
    # via black
platformdirs==4.3.6
    # via black
propcache==0.2.0
    # via yarl
pydantic==2.9.2
    # via langchain
    # via langchain-core
    # via langsmith
    # via pydantic-settings
    # via sqlmodel
pydantic-core==2.23.4
    # via pydantic
pydantic-settings==2.6.1
    # via langchain-community
python-dateutil==2.9.0.post0
    # via mastodon-py
    # via pandas
python-dotenv==1.0.1
    # via pydantic-settings
python-magic==0.4.27
    # via mastodon-py
pytz==2024.2
    # via pandas
pyyaml==6.0.2
    # via langchain
    # via langchain-community
    # via langchain-core
requests==2.32.3
    # via langchain
    # via langchain-community
    # via langsmith
    # via mastodon-py
    # via requests-toolbelt
requests-toolbelt==1.0.0
    # via langsmith
six==1.16.0
    # via mastodon-py
    # via python-dateutil
sniffio==1.3.1
    # via anyio
    # via httpx
socksio==1.0.0
    # via httpx
soupsieve==2.6
    # via beautifulsoup4
sqlalchemy==2.0.35
    # via langchain
    # via langchain-community
    # via sqlmodel
sqlmodel==0.0.22
    # via self-chatter
tenacity==9.0.0
    # via langchain
    # via langchain-community
    # via langchain-core
tomli-w==1.1.0
    # via self-chatter
typing-extensions==4.12.2
    # via langchain-core
    # via pydantic
    # via pydantic-core
    # via sqlalchemy
    # via typing-inspect
typing-inspect==0.9.0
    # via dataclasses-json
tzdata==2024.2
    # via pandas
urllib3==2.2.3
    # via requests
yarl==1.17.1
    # via aiohttp
